
Microsoft Visual Studio Solution File, Format Version 12.00
# Visual Studio Version 17
VisualStudioVersion = 17.10.35013.160
MinimumVisualStudioVersion = 10.0.40219.1
Project("{8BC9CEB8-8B4A-11D0-8D11-00A0C91BC942}") = "2-2", "2-2\2-2.vcxproj", "{F17FD291-11A8-47CA-A3E2-0826B1B1AE36}"
EndProject
Project("{8BC9CEB8-8B4A-11D0-8D11-00A0C91BC942}") = "2-2_cpp_version", "2-2_cpp_version\2-2_cpp_version.vcxproj", "{BB614A05-DD1D-4F00-B7D8-F1CC5D743139}"
EndProject
Project("{8BC9CEB8-8B4A-11D0-8D11-00A0C91BC942}") = "3-2", "3-2\3-2.vcxproj", "{C90E4BE0-CD1E-4FFA-A876-F31037F7AA32}"
EndProject
Project("{8BC9CEB8-8B4A-11D0-8D11-00A0C91BC942}") = "3-2-2", "3-2-2\3-2-2.vcxproj", "{421EAD89-9C54-47FF-8D25-D023F3325415}"
EndProject
Project("{8BC9CEB8-8B4A-11D0-8D11-00A0C91BC942}") = "4-1", "4-1\4-1.vcxproj", "{A9565737-07B7-4E1E-AEB2-F5D383179DA2}"
EndProject
Project("{8BC9CEB8-8B4A-11D0-8D11-00A0C91BC942}") = "4-2", "4-2\4-2.vcxproj", "{9EAB257A-3783-49D7-975A-B4E363DFACB4}"
EndProject
Project("{8BC9CEB8-8B4A-11D0-8D11-00A0C91BC942}") = "5-1", "5-1\5-1.vcxproj", "{E41CB96E-CE31-4965-B867-9125E71D42E5}"
EndProject
Project("{8BC9CEB8-8B4A-11D0-8D11-00A0C91BC942}") = "5-2-1", "5-2-1\5-2-1.vcxproj", "{72667BCE-2541-4AD3-94D3-47AF0E6E6B90}"
EndProject
Project("{8BC9CEB8-8B4A-11D0-8D11-00A0C91BC942}") = "5-2-2", "5-2-2\5-2-2.vcxproj", "{5F040065-897D-4177-BEB4-A90F82D38DD8}"
EndProject
Project("{8BC9CEB8-8B4A-11D0-8D11-00A0C91BC942}") = "5-2-3", "5-2-3\5-2-3.vcxproj", "{EFC0AF55-209E-4ACC-ABAA-58D557662A1E}"
EndProject
Project("{8BC9CEB8-8B4A-11D0-8D11-00A0C91BC942}") = "6-1-1", "6-1\6-1.vcxproj", "{EE3275D4-4197-48C7-A194-9EDFBD9DBAC8}"
EndProject
Project("{8BC9CEB8-8B4A-11D0-8D11-00A0C91BC942}") = "6-1-2", "6-1-2\6-1-2.vcxproj", "{C89D660B-FC7C-4CED-8755-E422619D04B4}"
EndProject
Project("{8BC9CEB8-8B4A-11D0-8D11-00A0C91BC942}") = "6-1-3", "6-1-3\6-1-3.vcxproj", "{36AAF627-BECC-4780-8A79-5FE0FF5B08EA}"
EndProject
Project("{8BC9CEB8-8B4A-11D0-8D11-00A0C91BC942}") = "7-1", "7-1\7-1.vcxproj", "{793598A1-6B42-4523-997C-58CD3BF8B248}"
EndProject
Project("{8BC9CEB8-8B4A-11D0-8D11-00A0C91BC942}") = "7-1-2", "7-1-2\7-1-2.vcxproj", "{E0B6B863-6588-4062-B358-8F537A716410}"
EndProject
Project("{8BC9CEB8-8B4A-11D0-8D11-00A0C91BC942}") = "7-1-3", "7-1-3\7-1-3.vcxproj", "{7097C2A3-2C77-415E-A81D-C1004DC83D89}"
EndProject
Project("{8BC9CEB8-8B4A-11D0-8D11-00A0C91BC942}") = "7-2-1", "7-2-1\7-2-1.vcxproj", "{4FD1E0CF-D079-4907-BA83-A1DB93CD7E98}"
EndProject
Project("{8BC9CEB8-8B4A-11D0-8D11-00A0C91BC942}") = "7-2-2", "7-2-2\7-2-2.vcxproj", "{C5B91088-4E86-4641-A83F-FB6CE27ADE0E}"
EndProject
Project("{8BC9CEB8-8B4A-11D0-8D11-00A0C91BC942}") = "7-2-3", "7-2-3\7-2-3.vcxproj", "{3BC93027-6081-4592-A637-3971EC2C6346}"
EndProject
Project("{8BC9CEB8-8B4A-11D0-8D11-00A0C91BC942}") = "9-1", "9-1\9-1.vcxproj", "{8709676A-37EE-4286-9EBF-FCBC3FE17D23}"
EndProject
Project("{8BC9CEB8-8B4A-11D0-8D11-00A0C91BC942}") = "11-1-1", "11-1-1\11-1-1.vcxproj", "{300E6D42-BC55-4495-B29E-E587AB437DDD}"
EndProject
Project("{8BC9CEB8-8B4A-11D0-8D11-00A0C91BC942}") = "11-1-2", "11-1-2\11-1-2.vcxproj", "{C38E1650-B5D0-41DB-BF3C-54C7C5CDE570}"
EndProject
Project("{8BC9CEB8-8B4A-11D0-8D11-00A0C91BC942}") = "11-1-3", "11-1-3\11-1-3.vcxproj", "{A2866C33-A430-4B76-B038-F9740F9D2E81}"
EndProject
Project("{8BC9CEB8-8B4A-11D0-8D11-00A0C91BC942}") = "11-2", "11-2\11-2.vcxproj", "{0A450315-0E8C-4A70-A16F-D1D9D29ED363}"
EndProject
Project("{8BC9CEB8-8B4A-11D0-8D11-00A0C91BC942}") = "12-1", "12-1\12-1.vcxproj", "{55348D29-A592-4985-A6CB-E96C02022F84}"
EndProject
Project("{8BC9CEB8-8B4A-11D0-8D11-00A0C91BC942}") = "13-1", "13-1\13-1.vcxproj", "{6C9B674C-9994-4A36-B507-9DA5FD2FA7E5}"
EndProject
Project("{8BC9CEB8-8B4A-11D0-8D11-00A0C91BC942}") = "13-1-2", "13-1-2\13-1-2.vcxproj", "{0830E5F8-A44E-426C-A958-81FD6DFD28B3}"
EndProject
Project("{8BC9CEB8-8B4A-11D0-8D11-00A0C91BC942}") = "13-2", "13-2\13-2.vcxproj", "{AA475543-DB93-4793-8D5D-4320452B45EB}"
EndProject
Global
	GlobalSection(SolutionConfigurationPlatforms) = preSolution
		Debug|x64 = Debug|x64
		Debug|x86 = Debug|x86
		Release|x64 = Release|x64
		Release|x86 = Release|x86
	EndGlobalSection
	GlobalSection(ProjectConfigurationPlatforms) = postSolution
		{F17FD291-11A8-47CA-A3E2-0826B1B1AE36}.Debug|x64.ActiveCfg = Debug|x64
		{F17FD291-11A8-47CA-A3E2-0826B1B1AE36}.Debug|x64.Build.0 = Debug|x64
		{F17FD291-11A8-47CA-A3E2-0826B1B1AE36}.Debug|x86.ActiveCfg = Debug|Win32
		{F17FD291-11A8-47CA-A3E2-0826B1B1AE36}.Debug|x86.Build.0 = Debug|Win32
		{F17FD291-11A8-47CA-A3E2-0826B1B1AE36}.Release|x64.ActiveCfg = Release|x64
		{F17FD291-11A8-47CA-A3E2-0826B1B1AE36}.Release|x64.Build.0 = Release|x64
		{F17FD291-11A8-47CA-A3E2-0826B1B1AE36}.Release|x86.ActiveCfg = Release|Win32
		{F17FD291-11A8-47CA-A3E2-0826B1B1AE36}.Release|x86.Build.0 = Release|Win32
		{BB614A05-DD1D-4F00-B7D8-F1CC5D743139}.Debug|x64.ActiveCfg = Debug|x64
		{BB614A05-DD1D-4F00-B7D8-F1CC5D743139}.Debug|x64.Build.0 = Debug|x64
		{BB614A05-DD1D-4F00-B7D8-F1CC5D743139}.Debug|x86.ActiveCfg = Debug|Win32
		{BB614A05-DD1D-4F00-B7D8-F1CC5D743139}.Debug|x86.Build.0 = Debug|Win32
		{BB614A05-DD1D-4F00-B7D8-F1CC5D743139}.Release|x64.ActiveCfg = Release|x64
		{BB614A05-DD1D-4F00-B7D8-F1CC5D743139}.Release|x64.Build.0 = Release|x64
		{BB614A05-DD1D-4F00-B7D8-F1CC5D743139}.Release|x86.ActiveCfg = Release|Win32
		{BB614A05-DD1D-4F00-B7D8-F1CC5D743139}.Release|x86.Build.0 = Release|Win32
		{C90E4BE0-CD1E-4FFA-A876-F31037F7AA32}.Debug|x64.ActiveCfg = Debug|x64
		{C90E4BE0-CD1E-4FFA-A876-F31037F7AA32}.Debug|x64.Build.0 = Debug|x64
		{C90E4BE0-CD1E-4FFA-A876-F31037F7AA32}.Debug|x86.ActiveCfg = Debug|Win32
		{C90E4BE0-CD1E-4FFA-A876-F31037F7AA32}.Debug|x86.Build.0 = Debug|Win32
		{C90E4BE0-CD1E-4FFA-A876-F31037F7AA32}.Release|x64.ActiveCfg = Release|x64
		{C90E4BE0-CD1E-4FFA-A876-F31037F7AA32}.Release|x64.Build.0 = Release|x64
		{C90E4BE0-CD1E-4FFA-A876-F31037F7AA32}.Release|x86.ActiveCfg = Release|Win32
		{C90E4BE0-CD1E-4FFA-A876-F31037F7AA32}.Release|x86.Build.0 = Release|Win32
		{421EAD89-9C54-47FF-8D25-D023F3325415}.Debug|x64.ActiveCfg = Debug|x64
		{421EAD89-9C54-47FF-8D25-D023F3325415}.Debug|x64.Build.0 = Debug|x64
		{421EAD89-9C54-47FF-8D25-D023F3325415}.Debug|x86.ActiveCfg = Debug|Win32
		{421EAD89-9C54-47FF-8D25-D023F3325415}.Debug|x86.Build.0 = Debug|Win32
		{421EAD89-9C54-47FF-8D25-D023F3325415}.Release|x64.ActiveCfg = Release|x64
		{421EAD89-9C54-47FF-8D25-D023F3325415}.Release|x64.Build.0 = Release|x64
		{421EAD89-9C54-47FF-8D25-D023F3325415}.Release|x86.ActiveCfg = Release|Win32
		{421EAD89-9C54-47FF-8D25-D023F3325415}.Release|x86.Build.0 = Release|Win32
		{A9565737-07B7-4E1E-AEB2-F5D383179DA2}.Debug|x64.ActiveCfg = Debug|x64
		{A9565737-07B7-4E1E-AEB2-F5D383179DA2}.Debug|x64.Build.0 = Debug|x64
		{A9565737-07B7-4E1E-AEB2-F5D383179DA2}.Debug|x86.ActiveCfg = Debug|Win32
		{A9565737-07B7-4E1E-AEB2-F5D383179DA2}.Debug|x86.Build.0 = Debug|Win32
		{A9565737-07B7-4E1E-AEB2-F5D383179DA2}.Release|x64.ActiveCfg = Release|x64
		{A9565737-07B7-4E1E-AEB2-F5D383179DA2}.Release|x64.Build.0 = Release|x64
		{A9565737-07B7-4E1E-AEB2-F5D383179DA2}.Release|x86.ActiveCfg = Release|Win32
		{A9565737-07B7-4E1E-AEB2-F5D383179DA2}.Release|x86.Build.0 = Release|Win32
		{9EAB257A-3783-49D7-975A-B4E363DFACB4}.Debug|x64.ActiveCfg = Debug|x64
		{9EAB257A-3783-49D7-975A-B4E363DFACB4}.Debug|x64.Build.0 = Debug|x64
		{9EAB257A-3783-49D7-975A-B4E363DFACB4}.Debug|x86.ActiveCfg = Debug|Win32
		{9EAB257A-3783-49D7-975A-B4E363DFACB4}.Debug|x86.Build.0 = Debug|Win32
		{9EAB257A-3783-49D7-975A-B4E363DFACB4}.Release|x64.ActiveCfg = Release|x64
		{9EAB257A-3783-49D7-975A-B4E363DFACB4}.Release|x64.Build.0 = Release|x64
		{9EAB257A-3783-49D7-975A-B4E363DFACB4}.Release|x86.ActiveCfg = Release|Win32
		{9EAB257A-3783-49D7-975A-B4E363DFACB4}.Release|x86.Build.0 = Release|Win32
		{E41CB96E-CE31-4965-B867-9125E71D42E5}.Debug|x64.ActiveCfg = Debug|x64
		{E41CB96E-CE31-4965-B867-9125E71D42E5}.Debug|x64.Build.0 = Debug|x64
		{E41CB96E-CE31-4965-B867-9125E71D42E5}.Debug|x86.ActiveCfg = Debug|Win32
		{E41CB96E-CE31-4965-B867-9125E71D42E5}.Debug|x86.Build.0 = Debug|Win32
		{E41CB96E-CE31-4965-B867-9125E71D42E5}.Release|x64.ActiveCfg = Release|x64
		{E41CB96E-CE31-4965-B867-9125E71D42E5}.Release|x64.Build.0 = Release|x64
		{E41CB96E-CE31-4965-B867-9125E71D42E5}.Release|x86.ActiveCfg = Release|Win32
		{E41CB96E-CE31-4965-B867-9125E71D42E5}.Release|x86.Build.0 = Release|Win32
		{72667BCE-2541-4AD3-94D3-47AF0E6E6B90}.Debug|x64.ActiveCfg = Debug|x64
		{72667BCE-2541-4AD3-94D3-47AF0E6E6B90}.Debug|x64.Build.0 = Debug|x64
		{72667BCE-2541-4AD3-94D3-47AF0E6E6B90}.Debug|x86.ActiveCfg = Debug|Win32
		{72667BCE-2541-4AD3-94D3-47AF0E6E6B90}.Debug|x86.Build.0 = Debug|Win32
		{72667BCE-2541-4AD3-94D3-47AF0E6E6B90}.Release|x64.ActiveCfg = Release|x64
		{72667BCE-2541-4AD3-94D3-47AF0E6E6B90}.Release|x64.Build.0 = Release|x64
		{72667BCE-2541-4AD3-94D3-47AF0E6E6B90}.Release|x86.ActiveCfg = Release|Win32
		{72667BCE-2541-4AD3-94D3-47AF0E6E6B90}.Release|x86.Build.0 = Release|Win32
		{5F040065-897D-4177-BEB4-A90F82D38DD8}.Debug|x64.ActiveCfg = Debug|x64
		{5F040065-897D-4177-BEB4-A90F82D38DD8}.Debug|x64.Build.0 = Debug|x64
		{5F040065-897D-4177-BEB4-A90F82D38DD8}.Debug|x86.ActiveCfg = Debug|Win32
		{5F040065-897D-4177-BEB4-A90F82D38DD8}.Debug|x86.Build.0 = Debug|Win32
		{5F040065-897D-4177-BEB4-A90F82D38DD8}.Release|x64.ActiveCfg = Release|x64
		{5F040065-897D-4177-BEB4-A90F82D38DD8}.Release|x64.Build.0 = Release|x64
		{5F040065-897D-4177-BEB4-A90F82D38DD8}.Release|x86.ActiveCfg = Release|Win32
		{5F040065-897D-4177-BEB4-A90F82D38DD8}.Release|x86.Build.0 = Release|Win32
		{EFC0AF55-209E-4ACC-ABAA-58D557662A1E}.Debug|x64.ActiveCfg = Debug|x64
		{EFC0AF55-209E-4ACC-ABAA-58D557662A1E}.Debug|x64.Build.0 = Debug|x64
		{EFC0AF55-209E-4ACC-ABAA-58D557662A1E}.Debug|x86.ActiveCfg = Debug|Win32
		{EFC0AF55-209E-4ACC-ABAA-58D557662A1E}.Debug|x86.Build.0 = Debug|Win32
		{EFC0AF55-209E-4ACC-ABAA-58D557662A1E}.Release|x64.ActiveCfg = Release|x64
		{EFC0AF55-209E-4ACC-ABAA-58D557662A1E}.Release|x64.Build.0 = Release|x64
		{EFC0AF55-209E-4ACC-ABAA-58D557662A1E}.Release|x86.ActiveCfg = Release|Win32
		{EFC0AF55-209E-4ACC-ABAA-58D557662A1E}.Release|x86.Build.0 = Release|Win32
		{EE3275D4-4197-48C7-A194-9EDFBD9DBAC8}.Debug|x64.ActiveCfg = Debug|x64
		{EE3275D4-4197-48C7-A194-9EDFBD9DBAC8}.Debug|x64.Build.0 = Debug|x64
		{EE3275D4-4197-48C7-A194-9EDFBD9DBAC8}.Debug|x86.ActiveCfg = Debug|Win32
		{EE3275D4-4197-48C7-A194-9EDFBD9DBAC8}.Debug|x86.Build.0 = Debug|Win32
		{EE3275D4-4197-48C7-A194-9EDFBD9DBAC8}.Release|x64.ActiveCfg = Release|x64
		{EE3275D4-4197-48C7-A194-9EDFBD9DBAC8}.Release|x64.Build.0 = Release|x64
		{EE3275D4-4197-48C7-A194-9EDFBD9DBAC8}.Release|x86.ActiveCfg = Release|Win32
		{EE3275D4-4197-48C7-A194-9EDFBD9DBAC8}.Release|x86.Build.0 = Release|Win32
		{C89D660B-FC7C-4CED-8755-E422619D04B4}.Debug|x64.ActiveCfg = Debug|x64
		{C89D660B-FC7C-4CED-8755-E422619D04B4}.Debug|x64.Build.0 = Debug|x64
		{C89D660B-FC7C-4CED-8755-E422619D04B4}.Debug|x86.ActiveCfg = Debug|Win32
		{C89D660B-FC7C-4CED-8755-E422619D04B4}.Debug|x86.Build.0 = Debug|Win32
		{C89D660B-FC7C-4CED-8755-E422619D04B4}.Release|x64.ActiveCfg = Release|x64
		{C89D660B-FC7C-4CED-8755-E422619D04B4}.Release|x64.Build.0 = Release|x64
		{C89D660B-FC7C-4CED-8755-E422619D04B4}.Release|x86.ActiveCfg = Release|Win32
		{C89D660B-FC7C-4CED-8755-E422619D04B4}.Release|x86.Build.0 = Release|Win32
		{36AAF627-BECC-4780-8A79-5FE0FF5B08EA}.Debug|x64.ActiveCfg = Debug|x64
		{36AAF627-BECC-4780-8A79-5FE0FF5B08EA}.Debug|x64.Build.0 = Debug|x64
		{36AAF627-BECC-4780-8A79-5FE0FF5B08EA}.Debug|x86.ActiveCfg = Debug|Win32
		{36AAF627-BECC-4780-8A79-5FE0FF5B08EA}.Debug|x86.Build.0 = Debug|Win32
		{36AAF627-BECC-4780-8A79-5FE0FF5B08EA}.Release|x64.ActiveCfg = Release|x64
		{36AAF627-BECC-4780-8A79-5FE0FF5B08EA}.Release|x64.Build.0 = Release|x64
		{36AAF627-BECC-4780-8A79-5FE0FF5B08EA}.Release|x86.ActiveCfg = Release|Win32
		{36AAF627-BECC-4780-8A79-5FE0FF5B08EA}.Release|x86.Build.0 = Release|Win32
		{793598A1-6B42-4523-997C-58CD3BF8B248}.Debug|x64.ActiveCfg = Debug|x64
		{793598A1-6B42-4523-997C-58CD3BF8B248}.Debug|x64.Build.0 = Debug|x64
		{793598A1-6B42-4523-997C-58CD3BF8B248}.Debug|x86.ActiveCfg = Debug|Win32
		{793598A1-6B42-4523-997C-58CD3BF8B248}.Debug|x86.Build.0 = Debug|Win32
		{793598A1-6B42-4523-997C-58CD3BF8B248}.Release|x64.ActiveCfg = Release|x64
		{793598A1-6B42-4523-997C-58CD3BF8B248}.Release|x64.Build.0 = Release|x64
		{793598A1-6B42-4523-997C-58CD3BF8B248}.Release|x86.ActiveCfg = Release|Win32
		{793598A1-6B42-4523-997C-58CD3BF8B248}.Release|x86.Build.0 = Release|Win32
		{E0B6B863-6588-4062-B358-8F537A716410}.Debug|x64.ActiveCfg = Debug|x64
		{E0B6B863-6588-4062-B358-8F537A716410}.Debug|x64.Build.0 = Debug|x64
		{E0B6B863-6588-4062-B358-8F537A716410}.Debug|x86.ActiveCfg = Debug|Win32
		{E0B6B863-6588-4062-B358-8F537A716410}.Debug|x86.Build.0 = Debug|Win32
		{E0B6B863-6588-4062-B358-8F537A716410}.Release|x64.ActiveCfg = Release|x64
		{E0B6B863-6588-4062-B358-8F537A716410}.Release|x64.Build.0 = Release|x64
		{E0B6B863-6588-4062-B358-8F537A716410}.Release|x86.ActiveCfg = Release|Win32
		{E0B6B863-6588-4062-B358-8F537A716410}.Release|x86.Build.0 = Release|Win32
		{7097C2A3-2C77-415E-A81D-C1004DC83D89}.Debug|x64.ActiveCfg = Debug|x64
		{7097C2A3-2C77-415E-A81D-C1004DC83D89}.Debug|x64.Build.0 = Debug|x64
		{7097C2A3-2C77-415E-A81D-C1004DC83D89}.Debug|x86.ActiveCfg = Debug|Win32
		{7097C2A3-2C77-415E-A81D-C1004DC83D89}.Debug|x86.Build.0 = Debug|Win32
		{7097C2A3-2C77-415E-A81D-C1004DC83D89}.Release|x64.ActiveCfg = Release|x64
		{7097C2A3-2C77-415E-A81D-C1004DC83D89}.Release|x64.Build.0 = Release|x64
		{7097C2A3-2C77-415E-A81D-C1004DC83D89}.Release|x86.ActiveCfg = Release|Win32
		{7097C2A3-2C77-415E-A81D-C1004DC83D89}.Release|x86.Build.0 = Release|Win32
		{4FD1E0CF-D079-4907-BA83-A1DB93CD7E98}.Debug|x64.ActiveCfg = Debug|x64
		{4FD1E0CF-D079-4907-BA83-A1DB93CD7E98}.Debug|x64.Build.0 = Debug|x64
		{4FD1E0CF-D079-4907-BA83-A1DB93CD7E98}.Debug|x86.ActiveCfg = Debug|Win32
		{4FD1E0CF-D079-4907-BA83-A1DB93CD7E98}.Debug|x86.Build.0 = Debug|Win32
		{4FD1E0CF-D079-4907-BA83-A1DB93CD7E98}.Release|x64.ActiveCfg = Release|x64
		{4FD1E0CF-D079-4907-BA83-A1DB93CD7E98}.Release|x64.Build.0 = Release|x64
		{4FD1E0CF-D079-4907-BA83-A1DB93CD7E98}.Release|x86.ActiveCfg = Release|Win32
		{4FD1E0CF-D079-4907-BA83-A1DB93CD7E98}.Release|x86.Build.0 = Release|Win32
		{C5B91088-4E86-4641-A83F-FB6CE27ADE0E}.Debug|x64.ActiveCfg = Debug|x64
		{C5B91088-4E86-4641-A83F-FB6CE27ADE0E}.Debug|x64.Build.0 = Debug|x64
		{C5B91088-4E86-4641-A83F-FB6CE27ADE0E}.Debug|x86.ActiveCfg = Debug|Win32
		{C5B91088-4E86-4641-A83F-FB6CE27ADE0E}.Debug|x86.Build.0 = Debug|Win32
		{C5B91088-4E86-4641-A83F-FB6CE27ADE0E}.Release|x64.ActiveCfg = Release|x64
		{C5B91088-4E86-4641-A83F-FB6CE27ADE0E}.Release|x64.Build.0 = Release|x64
		{C5B91088-4E86-4641-A83F-FB6CE27ADE0E}.Release|x86.ActiveCfg = Release|Win32
		{C5B91088-4E86-4641-A83F-FB6CE27ADE0E}.Release|x86.Build.0 = Release|Win32
		{3BC93027-6081-4592-A637-3971EC2C6346}.Debug|x64.ActiveCfg = Debug|x64
		{3BC93027-6081-4592-A637-3971EC2C6346}.Debug|x64.Build.0 = Debug|x64
		{3BC93027-6081-4592-A637-3971EC2C6346}.Debug|x86.ActiveCfg = Debug|Win32
		{3BC93027-6081-4592-A637-3971EC2C6346}.Debug|x86.Build.0 = Debug|Win32
		{3BC93027-6081-4592-A637-3971EC2C6346}.Release|x64.ActiveCfg = Release|x64
		{3BC93027-6081-4592-A637-3971EC2C6346}.Release|x64.Build.0 = Release|x64
		{3BC93027-6081-4592-A637-3971EC2C6346}.Release|x86.ActiveCfg = Release|Win32
		{3BC93027-6081-4592-A637-3971EC2C6346}.Release|x86.Build.0 = Release|Win32
		{8709676A-37EE-4286-9EBF-FCBC3FE17D23}.Debug|x64.ActiveCfg = Debug|x64
		{8709676A-37EE-4286-9EBF-FCBC3FE17D23}.Debug|x64.Build.0 = Debug|x64
		{8709676A-37EE-4286-9EBF-FCBC3FE17D23}.Debug|x86.ActiveCfg = Debug|Win32
		{8709676A-37EE-4286-9EBF-FCBC3FE17D23}.Debug|x86.Build.0 = Debug|Win32
		{8709676A-37EE-4286-9EBF-FCBC3FE17D23}.Release|x64.ActiveCfg = Release|x64
		{8709676A-37EE-4286-9EBF-FCBC3FE17D23}.Release|x64.Build.0 = Release|x64
		{8709676A-37EE-4286-9EBF-FCBC3FE17D23}.Release|x86.ActiveCfg = Release|Win32
		{8709676A-37EE-4286-9EBF-FCBC3FE17D23}.Release|x86.Build.0 = Release|Win32
		{300E6D42-BC55-4495-B29E-E587AB437DDD}.Debug|x64.ActiveCfg = Debug|x64
		{300E6D42-BC55-4495-B29E-E587AB437DDD}.Debug|x64.Build.0 = Debug|x64
		{300E6D42-BC55-4495-B29E-E587AB437DDD}.Debug|x86.ActiveCfg = Debug|Win32
		{300E6D42-BC55-4495-B29E-E587AB437DDD}.Debug|x86.Build.0 = Debug|Win32
		{300E6D42-BC55-4495-B29E-E587AB437DDD}.Release|x64.ActiveCfg = Release|x64
		{300E6D42-BC55-4495-B29E-E587AB437DDD}.Release|x64.Build.0 = Release|x64
		{300E6D42-BC55-4495-B29E-E587AB437DDD}.Release|x86.ActiveCfg = Release|Win32
		{300E6D42-BC55-4495-B29E-E587AB437DDD}.Release|x86.Build.0 = Release|Win32
		{C38E1650-B5D0-41DB-BF3C-54C7C5CDE570}.Debug|x64.ActiveCfg = Debug|x64
		{C38E1650-B5D0-41DB-BF3C-54C7C5CDE570}.Debug|x64.Build.0 = Debug|x64
		{C38E1650-B5D0-41DB-BF3C-54C7C5CDE570}.Debug|x86.ActiveCfg = Debug|Win32
		{C38E1650-B5D0-41DB-BF3C-54C7C5CDE570}.Debug|x86.Build.0 = Debug|Win32
		{C38E1650-B5D0-41DB-BF3C-54C7C5CDE570}.Release|x64.ActiveCfg = Release|x64
		{C38E1650-B5D0-41DB-BF3C-54C7C5CDE570}.Release|x64.Build.0 = Release|x64
		{C38E1650-B5D0-41DB-BF3C-54C7C5CDE570}.Release|x86.ActiveCfg = Release|Win32
		{C38E1650-B5D0-41DB-BF3C-54C7C5CDE570}.Release|x86.Build.0 = Release|Win32
		{A2866C33-A430-4B76-B038-F9740F9D2E81}.Debug|x64.ActiveCfg = Debug|x64
		{A2866C33-A430-4B76-B038-F9740F9D2E81}.Debug|x64.Build.0 = Debug|x64
		{A2866C33-A430-4B76-B038-F9740F9D2E81}.Debug|x86.ActiveCfg = Debug|Win32
		{A2866C33-A430-4B76-B038-F9740F9D2E81}.Debug|x86.Build.0 = Debug|Win32
		{A2866C33-A430-4B76-B038-F9740F9D2E81}.Release|x64.ActiveCfg = Release|x64
		{A2866C33-A430-4B76-B038-F9740F9D2E81}.Release|x64.Build.0 = Release|x64
		{A2866C33-A430-4B76-B038-F9740F9D2E81}.Release|x86.ActiveCfg = Release|Win32
		{A2866C33-A430-4B76-B038-F9740F9D2E81}.Release|x86.Build.0 = Release|Win32
		{0A450315-0E8C-4A70-A16F-D1D9D29ED363}.Debug|x64.ActiveCfg = Debug|x64
		{0A450315-0E8C-4A70-A16F-D1D9D29ED363}.Debug|x64.Build.0 = Debug|x64
		{0A450315-0E8C-4A70-A16F-D1D9D29ED363}.Debug|x86.ActiveCfg = Debug|Win32
		{0A450315-0E8C-4A70-A16F-D1D9D29ED363}.Debug|x86.Build.0 = Debug|Win32
		{0A450315-0E8C-4A70-A16F-D1D9D29ED363}.Release|x64.ActiveCfg = Release|x64
		{0A450315-0E8C-4A70-A16F-D1D9D29ED363}.Release|x64.Build.0 = Release|x64
		{0A450315-0E8C-4A70-A16F-D1D9D29ED363}.Release|x86.ActiveCfg = Release|Win32
		{0A450315-0E8C-4A70-A16F-D1D9D29ED363}.Release|x86.Build.0 = Release|Win32
		{55348D29-A592-4985-A6CB-E96C02022F84}.Debug|x64.ActiveCfg = Debug|x64
		{55348D29-A592-4985-A6CB-E96C02022F84}.Debug|x64.Build.0 = Debug|x64
		{55348D29-A592-4985-A6CB-E96C02022F84}.Debug|x86.ActiveCfg = Debug|Win32
		{55348D29-A592-4985-A6CB-E96C02022F84}.Debug|x86.Build.0 = Debug|Win32
		{55348D29-A592-4985-A6CB-E96C02022F84}.Release|x64.ActiveCfg = Release|x64
		{55348D29-A592-4985-A6CB-E96C02022F84}.Release|x64.Build.0 = Release|x64
		{55348D29-A592-4985-A6CB-E96C02022F84}.Release|x86.ActiveCfg = Release|Win32
		{55348D29-A592-4985-A6CB-E96C02022F84}.Release|x86.Build.0 = Release|Win32
		{6C9B674C-9994-4A36-B507-9DA5FD2FA7E5}.Debug|x64.ActiveCfg = Debug|x64
		{6C9B674C-9994-4A36-B507-9DA5FD2FA7E5}.Debug|x64.Build.0 = Debug|x64
		{6C9B674C-9994-4A36-B507-9DA5FD2FA7E5}.Debug|x86.ActiveCfg = Debug|Win32
		{6C9B674C-9994-4A36-B507-9DA5FD2FA7E5}.Debug|x86.Build.0 = Debug|Win32
		{6C9B674C-9994-4A36-B507-9DA5FD2FA7E5}.Release|x64.ActiveCfg = Release|x64
		{6C9B674C-9994-4A36-B507-9DA5FD2FA7E5}.Release|x64.Build.0 = Release|x64
		{6C9B674C-9994-4A36-B507-9DA5FD2FA7E5}.Release|x86.ActiveCfg = Release|Win32
		{6C9B674C-9994-4A36-B507-9DA5FD2FA7E5}.Release|x86.Build.0 = Release|Win32
		{0830E5F8-A44E-426C-A958-81FD6DFD28B3}.Debug|x64.ActiveCfg = Debug|x64
		{0830E5F8-A44E-426C-A958-81FD6DFD28B3}.Debug|x64.Build.0 = Debug|x64
		{0830E5F8-A44E-426C-A958-81FD6DFD28B3}.Debug|x86.ActiveCfg = Debug|Win32
		{0830E5F8-A44E-426C-A958-81FD6DFD28B3}.Debug|x86.Build.0 = Debug|Win32
		{0830E5F8-A44E-426C-A958-81FD6DFD28B3}.Release|x64.ActiveCfg = Release|x64
		{0830E5F8-A44E-426C-A958-81FD6DFD28B3}.Release|x64.Build.0 = Release|x64
		{0830E5F8-A44E-426C-A958-81FD6DFD28B3}.Release|x86.ActiveCfg = Release|Win32
		{0830E5F8-A44E-426C-A958-81FD6DFD28B3}.Release|x86.Build.0 = Release|Win32
		{AA475543-DB93-4793-8D5D-4320452B45EB}.Debug|x64.ActiveCfg = Debug|x64
		{AA475543-DB93-4793-8D5D-4320452B45EB}.Debug|x64.Build.0 = Debug|x64
		{AA475543-DB93-4793-8D5D-4320452B45EB}.Debug|x86.ActiveCfg = Debug|Win32
		{AA475543-DB93-4793-8D5D-4320452B45EB}.Debug|x86.Build.0 = Debug|Win32
		{AA475543-DB93-4793-8D5D-4320452B45EB}.Release|x64.ActiveCfg = Release|x64
		{AA475543-DB93-4793-8D5D-4320452B45EB}.Release|x64.Build.0 = Release|x64
		{AA475543-DB93-4793-8D5D-4320452B45EB}.Release|x86.ActiveCfg = Release|Win32
		{AA475543-DB93-4793-8D5D-4320452B45EB}.Release|x86.Build.0 = Release|Win32
	EndGlobalSection
	GlobalSection(SolutionProperties) = preSolution
		HideSolutionNode = FALSE
	EndGlobalSection
	GlobalSection(ExtensibilityGlobals) = postSolution
		SolutionGuid = {2845BADE-1701-4F0E-BA7E-CD2403EB7BE1}
	EndGlobalSection
EndGlobal
