
Microsoft Visual Studio Solution File, Format Version 12.00
# Visual Studio Version 17
VisualStudioVersion = 17.10.35013.160
MinimumVisualStudioVersion = 10.0.40219.1
Project("{8BC9CEB8-8B4A-11D0-8D11-00A0C91BC942}") = "2-2", "2-2\2-2.vcxproj", "{F17FD291-11A8-47CA-A3E2-0826B1B1AE36}"
EndProject
Project("{8BC9CEB8-8B4A-11D0-8D11-00A0C91BC942}") = "2-2_cpp_version", "2-2_cpp_version\2-2_cpp_version.vcxproj", "{BB614A05-DD1D-4F00-B7D8-F1CC5D743139}"
EndProject
Project("{8BC9CEB8-8B4A-11D0-8D11-00A0C91BC942}") = "3-2", "3-2\3-2.vcxproj", "{C90E4BE0-CD1E-4FFA-A876-F31037F7AA32}"
EndProject
Project("{8BC9CEB8-8B4A-11D0-8D11-00A0C91BC942}") = "3-2-2", "3-2-2\3-2-2.vcxproj", "{421EAD89-9C54-47FF-8D25-D023F3325415}"
EndProject
Project("{8BC9CEB8-8B4A-11D0-8D11-00A0C91BC942}") = "4-1", "4-1\4-1.vcxproj", "{A9565737-07B7-4E1E-AEB2-F5D383179DA2}"
EndProject
Project("{8BC9CEB8-8B4A-11D0-8D11-00A0C91BC942}") = "4-2", "4-2\4-2.vcxproj", "{9EAB257A-3783-49D7-975A-B4E363DFACB4}"
EndProject
Project("{8BC9CEB8-8B4A-11D0-8D11-00A0C91BC942}") = "5-1", "5-1\5-1.vcxproj", "{E41CB96E-CE31-4965-B867-9125E71D42E5}"
EndProject
Project("{8BC9CEB8-8B4A-11D0-8D11-00A0C91BC942}") = "5-2-1", "5-2-1\5-2-1.vcxproj", "{72667BCE-2541-4AD3-94D3-47AF0E6E6B90}"
EndProject
Project("{8BC9CEB8-8B4A-11D0-8D11-00A0C91BC942}") = "5-2-2", "5-2-2\5-2-2.vcxproj", "{5F040065-897D-4177-BEB4-A90F82D38DD8}"
EndProject
Project("{8BC9CEB8-8B4A-11D0-8D11-00A0C91BC942}") = "5-2-3", "5-2-3\5-2-3.vcxproj", "{EFC0AF55-209E-4ACC-ABAA-58D557662A1E}"
EndProject
Global
	GlobalSection(SolutionConfigurationPlatforms) = preSolution
		Debug|x64 = Debug|x64
		Debug|x86 = Debug|x86
		Release|x64 = Release|x64
		Release|x86 = Release|x86
	EndGlobalSection
	GlobalSection(ProjectConfigurationPlatforms) = postSolution
		{F17FD291-11A8-47CA-A3E2-0826B1B1AE36}.Debug|x64.ActiveCfg = Debug|x64
		{F17FD291-11A8-47CA-A3E2-0826B1B1AE36}.Debug|x64.Build.0 = Debug|x64
		{F17FD291-11A8-47CA-A3E2-0826B1B1AE36}.Debug|x86.ActiveCfg = Debug|Win32
		{F17FD291-11A8-47CA-A3E2-0826B1B1AE36}.Debug|x86.Build.0 = Debug|Win32
		{F17FD291-11A8-47CA-A3E2-0826B1B1AE36}.Release|x64.ActiveCfg = Release|x64
		{F17FD291-11A8-47CA-A3E2-0826B1B1AE36}.Release|x64.Build.0 = Release|x64
		{F17FD291-11A8-47CA-A3E2-0826B1B1AE36}.Release|x86.ActiveCfg = Release|Win32
		{F17FD291-11A8-47CA-A3E2-0826B1B1AE36}.Release|x86.Build.0 = Release|Win32
		{BB614A05-DD1D-4F00-B7D8-F1CC5D743139}.Debug|x64.ActiveCfg = Debug|x64
		{BB614A05-DD1D-4F00-B7D8-F1CC5D743139}.Debug|x64.Build.0 = Debug|x64
		{BB614A05-DD1D-4F00-B7D8-F1CC5D743139}.Debug|x86.ActiveCfg = Debug|Win32
		{BB614A05-DD1D-4F00-B7D8-F1CC5D743139}.Debug|x86.Build.0 = Debug|Win32
		{BB614A05-DD1D-4F00-B7D8-F1CC5D743139}.Release|x64.ActiveCfg = Release|x64
		{BB614A05-DD1D-4F00-B7D8-F1CC5D743139}.Release|x64.Build.0 = Release|x64
		{BB614A05-DD1D-4F00-B7D8-F1CC5D743139}.Release|x86.ActiveCfg = Release|Win32
		{BB614A05-DD1D-4F00-B7D8-F1CC5D743139}.Release|x86.Build.0 = Release|Win32
		{C90E4BE0-CD1E-4FFA-A876-F31037F7AA32}.Debug|x64.ActiveCfg = Debug|x64
		{C90E4BE0-CD1E-4FFA-A876-F31037F7AA32}.Debug|x64.Build.0 = Debug|x64
		{C90E4BE0-CD1E-4FFA-A876-F31037F7AA32}.Debug|x86.ActiveCfg = Debug|Win32
		{C90E4BE0-CD1E-4FFA-A876-F31037F7AA32}.Debug|x86.Build.0 = Debug|Win32
		{C90E4BE0-CD1E-4FFA-A876-F31037F7AA32}.Release|x64.ActiveCfg = Release|x64
		{C90E4BE0-CD1E-4FFA-A876-F31037F7AA32}.Release|x64.Build.0 = Release|x64
		{C90E4BE0-CD1E-4FFA-A876-F31037F7AA32}.Release|x86.ActiveCfg = Release|Win32
		{C90E4BE0-CD1E-4FFA-A876-F31037F7AA32}.Release|x86.Build.0 = Release|Win32
		{421EAD89-9C54-47FF-8D25-D023F3325415}.Debug|x64.ActiveCfg = Debug|x64
		{421EAD89-9C54-47FF-8D25-D023F3325415}.Debug|x64.Build.0 = Debug|x64
		{421EAD89-9C54-47FF-8D25-D023F3325415}.Debug|x86.ActiveCfg = Debug|Win32
		{421EAD89-9C54-47FF-8D25-D023F3325415}.Debug|x86.Build.0 = Debug|Win32
		{421EAD89-9C54-47FF-8D25-D023F3325415}.Release|x64.ActiveCfg = Release|x64
		{421EAD89-9C54-47FF-8D25-D023F3325415}.Release|x64.Build.0 = Release|x64
		{421EAD89-9C54-47FF-8D25-D023F3325415}.Release|x86.ActiveCfg = Release|Win32
		{421EAD89-9C54-47FF-8D25-D023F3325415}.Release|x86.Build.0 = Release|Win32
		{A9565737-07B7-4E1E-AEB2-F5D383179DA2}.Debug|x64.ActiveCfg = Debug|x64
		{A9565737-07B7-4E1E-AEB2-F5D383179DA2}.Debug|x64.Build.0 = Debug|x64
		{A9565737-07B7-4E1E-AEB2-F5D383179DA2}.Debug|x86.ActiveCfg = Debug|Win32
		{A9565737-07B7-4E1E-AEB2-F5D383179DA2}.Debug|x86.Build.0 = Debug|Win32
		{A9565737-07B7-4E1E-AEB2-F5D383179DA2}.Release|x64.ActiveCfg = Release|x64
		{A9565737-07B7-4E1E-AEB2-F5D383179DA2}.Release|x64.Build.0 = Release|x64
		{A9565737-07B7-4E1E-AEB2-F5D383179DA2}.Release|x86.ActiveCfg = Release|Win32
		{A9565737-07B7-4E1E-AEB2-F5D383179DA2}.Release|x86.Build.0 = Release|Win32
		{9EAB257A-3783-49D7-975A-B4E363DFACB4}.Debug|x64.ActiveCfg = Debug|x64
		{9EAB257A-3783-49D7-975A-B4E363DFACB4}.Debug|x64.Build.0 = Debug|x64
		{9EAB257A-3783-49D7-975A-B4E363DFACB4}.Debug|x86.ActiveCfg = Debug|Win32
		{9EAB257A-3783-49D7-975A-B4E363DFACB4}.Debug|x86.Build.0 = Debug|Win32
		{9EAB257A-3783-49D7-975A-B4E363DFACB4}.Release|x64.ActiveCfg = Release|x64
		{9EAB257A-3783-49D7-975A-B4E363DFACB4}.Release|x64.Build.0 = Release|x64
		{9EAB257A-3783-49D7-975A-B4E363DFACB4}.Release|x86.ActiveCfg = Release|Win32
		{9EAB257A-3783-49D7-975A-B4E363DFACB4}.Release|x86.Build.0 = Release|Win32
		{E41CB96E-CE31-4965-B867-9125E71D42E5}.Debug|x64.ActiveCfg = Debug|x64
		{E41CB96E-CE31-4965-B867-9125E71D42E5}.Debug|x64.Build.0 = Debug|x64
		{E41CB96E-CE31-4965-B867-9125E71D42E5}.Debug|x86.ActiveCfg = Debug|Win32
		{E41CB96E-CE31-4965-B867-9125E71D42E5}.Debug|x86.Build.0 = Debug|Win32
		{E41CB96E-CE31-4965-B867-9125E71D42E5}.Release|x64.ActiveCfg = Release|x64
		{E41CB96E-CE31-4965-B867-9125E71D42E5}.Release|x64.Build.0 = Release|x64
		{E41CB96E-CE31-4965-B867-9125E71D42E5}.Release|x86.ActiveCfg = Release|Win32
		{E41CB96E-CE31-4965-B867-9125E71D42E5}.Release|x86.Build.0 = Release|Win32
		{72667BCE-2541-4AD3-94D3-47AF0E6E6B90}.Debug|x64.ActiveCfg = Debug|x64
		{72667BCE-2541-4AD3-94D3-47AF0E6E6B90}.Debug|x64.Build.0 = Debug|x64
		{72667BCE-2541-4AD3-94D3-47AF0E6E6B90}.Debug|x86.ActiveCfg = Debug|Win32
		{72667BCE-2541-4AD3-94D3-47AF0E6E6B90}.Debug|x86.Build.0 = Debug|Win32
		{72667BCE-2541-4AD3-94D3-47AF0E6E6B90}.Release|x64.ActiveCfg = Release|x64
		{72667BCE-2541-4AD3-94D3-47AF0E6E6B90}.Release|x64.Build.0 = Release|x64
		{72667BCE-2541-4AD3-94D3-47AF0E6E6B90}.Release|x86.ActiveCfg = Release|Win32
		{72667BCE-2541-4AD3-94D3-47AF0E6E6B90}.Release|x86.Build.0 = Release|Win32
		{5F040065-897D-4177-BEB4-A90F82D38DD8}.Debug|x64.ActiveCfg = Debug|x64
		{5F040065-897D-4177-BEB4-A90F82D38DD8}.Debug|x64.Build.0 = Debug|x64
		{5F040065-897D-4177-BEB4-A90F82D38DD8}.Debug|x86.ActiveCfg = Debug|Win32
		{5F040065-897D-4177-BEB4-A90F82D38DD8}.Debug|x86.Build.0 = Debug|Win32
		{5F040065-897D-4177-BEB4-A90F82D38DD8}.Release|x64.ActiveCfg = Release|x64
		{5F040065-897D-4177-BEB4-A90F82D38DD8}.Release|x64.Build.0 = Release|x64
		{5F040065-897D-4177-BEB4-A90F82D38DD8}.Release|x86.ActiveCfg = Release|Win32
		{5F040065-897D-4177-BEB4-A90F82D38DD8}.Release|x86.Build.0 = Release|Win32
		{EFC0AF55-209E-4ACC-ABAA-58D557662A1E}.Debug|x64.ActiveCfg = Debug|x64
		{EFC0AF55-209E-4ACC-ABAA-58D557662A1E}.Debug|x64.Build.0 = Debug|x64
		{EFC0AF55-209E-4ACC-ABAA-58D557662A1E}.Debug|x86.ActiveCfg = Debug|Win32
		{EFC0AF55-209E-4ACC-ABAA-58D557662A1E}.Debug|x86.Build.0 = Debug|Win32
		{EFC0AF55-209E-4ACC-ABAA-58D557662A1E}.Release|x64.ActiveCfg = Release|x64
		{EFC0AF55-209E-4ACC-ABAA-58D557662A1E}.Release|x64.Build.0 = Release|x64
		{EFC0AF55-209E-4ACC-ABAA-58D557662A1E}.Release|x86.ActiveCfg = Release|Win32
		{EFC0AF55-209E-4ACC-ABAA-58D557662A1E}.Release|x86.Build.0 = Release|Win32
	EndGlobalSection
	GlobalSection(SolutionProperties) = preSolution
		HideSolutionNode = FALSE
	EndGlobalSection
	GlobalSection(ExtensibilityGlobals) = postSolution
		SolutionGuid = {2845BADE-1701-4F0E-BA7E-CD2403EB7BE1}
	EndGlobalSection
EndGlobal
